
Microsoft Visual Studio Solution File, Format Version 12.00
# Visual Studio Version 17
VisualStudioVersion = 17.1.32210.238
MinimumVisualStudioVersion = 10.0.40219.1
Project("{FAE04EC0-301F-11D3-BF4B-00C04F79EFBC}") = "Client", "test\Client.csproj", "{F5B86DED-C17D-49D1-854E-5157681F0992}"
EndProject
Project("{FAE04EC0-301F-11D3-BF4B-00C04F79EFBC}") = "demoLibrary", "demoLibrary\demoLibrary.csproj", "{81BD38FE-96DD-474E-A1CA-ED4753760EDF}"
EndProject
Global
	GlobalSection(SolutionConfigurationPlatforms) = preSolution
		Debug|Any CPU = Debug|Any CPU
		Release|Any CPU = Release|Any CPU
	EndGlobalSection
	GlobalSection(ProjectConfigurationPlatforms) = postSolution
		{F5B86DED-C17D-49D1-854E-5157681F0992}.Debug|Any CPU.ActiveCfg = Debug|Any CPU
		{F5B86DED-C17D-49D1-854E-5157681F0992}.Debug|Any CPU.Build.0 = Debug|Any CPU
		{F5B86DED-C17D-49D1-854E-5157681F0992}.Release|Any CPU.ActiveCfg = Release|Any CPU
		{F5B86DED-C17D-49D1-854E-5157681F0992}.Release|Any CPU.Build.0 = Release|Any CPU
		{81BD38FE-96DD-474E-A1CA-ED4753760EDF}.Debug|Any CPU.ActiveCfg = Debug|Any CPU
		{81BD38FE-96DD-474E-A1CA-ED4753760EDF}.Debug|Any CPU.Build.0 = Debug|Any CPU
		{81BD38FE-96DD-474E-A1CA-ED4753760EDF}.Release|Any CPU.ActiveCfg = Release|Any CPU
		{81BD38FE-96DD-474E-A1CA-ED4753760EDF}.Release|Any CPU.Build.0 = Release|Any CPU
	EndGlobalSection
	GlobalSection(SolutionProperties) = preSolution
		HideSolutionNode = FALSE
	EndGlobalSection
	GlobalSection(ExtensibilityGlobals) = postSolution
		SolutionGuid = {12670024-1D51-4367-A856-026FF8BA6E58}
	EndGlobalSection
EndGlobal
