
Microsoft Visual Studio Solution File, Format Version 12.00
# Visual Studio Version 16
VisualStudioVersion = 16.0.32228.343
MinimumVisualStudioVersion = 10.0.40219.1
Project("{FAE04EC0-301F-11D3-BF4B-00C04F79EFBC}") = "serverTextEditor", "serverTextEditor\serverTextEditor.csproj", "{0CF923F4-0BC2-43F4-9CE8-6E5A4633F13A}"
EndProject
Project("{FAE04EC0-301F-11D3-BF4B-00C04F79EFBC}") = "demoLibrary", "demoLibrary\demoLibrary.csproj", "{81BD38FE-96DD-474E-A1CA-ED4753760EDF}"
EndProject
Global
	GlobalSection(SolutionConfigurationPlatforms) = preSolution
		Debug|Any CPU = Debug|Any CPU
		Release|Any CPU = Release|Any CPU
	EndGlobalSection
	GlobalSection(ProjectConfigurationPlatforms) = postSolution
		{0CF923F4-0BC2-43F4-9CE8-6E5A4633F13A}.Debug|Any CPU.ActiveCfg = Debug|Any CPU
		{0CF923F4-0BC2-43F4-9CE8-6E5A4633F13A}.Debug|Any CPU.Build.0 = Debug|Any CPU
		{0CF923F4-0BC2-43F4-9CE8-6E5A4633F13A}.Release|Any CPU.ActiveCfg = Release|Any CPU
		{0CF923F4-0BC2-43F4-9CE8-6E5A4633F13A}.Release|Any CPU.Build.0 = Release|Any CPU
		{81BD38FE-96DD-474E-A1CA-ED4753760EDF}.Debug|Any CPU.ActiveCfg = Debug|Any CPU
		{81BD38FE-96DD-474E-A1CA-ED4753760EDF}.Debug|Any CPU.Build.0 = Debug|Any CPU
		{81BD38FE-96DD-474E-A1CA-ED4753760EDF}.Release|Any CPU.ActiveCfg = Release|Any CPU
		{81BD38FE-96DD-474E-A1CA-ED4753760EDF}.Release|Any CPU.Build.0 = Release|Any CPU
	EndGlobalSection
	GlobalSection(SolutionProperties) = preSolution
		HideSolutionNode = FALSE
	EndGlobalSection
	GlobalSection(ExtensibilityGlobals) = postSolution
		SolutionGuid = {AB6594AA-7598-466D-807C-5562243EC11E}
	EndGlobalSection
EndGlobal
